
Microsoft Visual Studio Solution File, Format Version 12.00
# Visual Studio Version 17
VisualStudioVersion = 17.4.33213.308
MinimumVisualStudioVersion = 10.0.40219.1
Project("{9A19103F-16F7-4668-BE54-9A1E7A4F7556}") = "HospitalWeb", "..\HospitalWeb\HospitalWeb.csproj", "{F137E2EB-FE28-4DD8-BB85-61630A031D9D}"
EndProject
Project("{9A19103F-16F7-4668-BE54-9A1E7A4F7556}") = "DataLayer", "..\DataLayer\DataLayer.csproj", "{D6683F3D-E0DA-4F3F-B281-E19F5520FB66}"
EndProject
Project("{FAE04EC0-301F-11D3-BF4B-00C04F79EFBC}") = "HospitalApi", "HospitalApi\HospitalApi.csproj", "{C8CC671D-FF63-43A2-BA70-9D5441221311}"
EndProject
Global
	GlobalSection(SolutionConfigurationPlatforms) = preSolution
		Debug|Any CPU = Debug|Any CPU
		Release|Any CPU = Release|Any CPU
	EndGlobalSection
	GlobalSection(ProjectConfigurationPlatforms) = postSolution
		{F137E2EB-FE28-4DD8-BB85-61630A031D9D}.Debug|Any CPU.ActiveCfg = Debug|Any CPU
		{F137E2EB-FE28-4DD8-BB85-61630A031D9D}.Debug|Any CPU.Build.0 = Debug|Any CPU
		{F137E2EB-FE28-4DD8-BB85-61630A031D9D}.Release|Any CPU.ActiveCfg = Release|Any CPU
		{F137E2EB-FE28-4DD8-BB85-61630A031D9D}.Release|Any CPU.Build.0 = Release|Any CPU
		{D6683F3D-E0DA-4F3F-B281-E19F5520FB66}.Debug|Any CPU.ActiveCfg = Debug|Any CPU
		{D6683F3D-E0DA-4F3F-B281-E19F5520FB66}.Debug|Any CPU.Build.0 = Debug|Any CPU
		{D6683F3D-E0DA-4F3F-B281-E19F5520FB66}.Release|Any CPU.ActiveCfg = Release|Any CPU
		{D6683F3D-E0DA-4F3F-B281-E19F5520FB66}.Release|Any CPU.Build.0 = Release|Any CPU
		{C8CC671D-FF63-43A2-BA70-9D5441221311}.Debug|Any CPU.ActiveCfg = Debug|Any CPU
		{C8CC671D-FF63-43A2-BA70-9D5441221311}.Debug|Any CPU.Build.0 = Debug|Any CPU
		{C8CC671D-FF63-43A2-BA70-9D5441221311}.Release|Any CPU.ActiveCfg = Release|Any CPU
		{C8CC671D-FF63-43A2-BA70-9D5441221311}.Release|Any CPU.Build.0 = Release|Any CPU
	EndGlobalSection
	GlobalSection(SolutionProperties) = preSolution
		HideSolutionNode = FALSE
	EndGlobalSection
	GlobalSection(ExtensibilityGlobals) = postSolution
		SolutionGuid = {D88FC754-7978-476E-A03F-3A872692CE0C}
	EndGlobalSection
EndGlobal
